
Microsoft Visual Studio Solution File, Format Version 12.00
# Visual Studio Version 17
VisualStudioVersion = 17.4.33205.214
MinimumVisualStudioVersion = 10.0.40219.1
Project("{9A19103F-16F7-4668-BE54-9A1E7A4F7556}") = "WpfApp1", "WpfApp1\WpfApp1.csproj", "{FEF4456E-D1C0-4730-A13B-6EFD628168EF}"
EndProject
Global
	GlobalSection(SolutionConfigurationPlatforms) = preSolution
		Debug|Any CPU = Debug|Any CPU
		Release|Any CPU = Release|Any CPU
	EndGlobalSection
	GlobalSection(ProjectConfigurationPlatforms) = postSolution
		{FEF4456E-D1C0-4730-A13B-6EFD628168EF}.Debug|Any CPU.ActiveCfg = Debug|Any CPU
		{FEF4456E-D1C0-4730-A13B-6EFD628168EF}.Debug|Any CPU.Build.0 = Debug|Any CPU
		{FEF4456E-D1C0-4730-A13B-6EFD628168EF}.Release|Any CPU.ActiveCfg = Release|Any CPU
		{FEF4456E-D1C0-4730-A13B-6EFD628168EF}.Release|Any CPU.Build.0 = Release|Any CPU
	EndGlobalSection
	GlobalSection(SolutionProperties) = preSolution
		HideSolutionNode = FALSE
	EndGlobalSection
	GlobalSection(ExtensibilityGlobals) = postSolution
		SolutionGuid = {D3702555-110F-4912-8E42-49D5FD288CE3}
	EndGlobalSection
EndGlobal
